
Microsoft Visual Studio Solution File, Format Version 12.00
# Visual Studio 14
VisualStudioVersion = 14.0.25123.0
MinimumVisualStudioVersion = 10.0.40219.1
Project("{FAE04EC0-301F-11D3-BF4B-00C04F79EFBC}") = "JA.netzwerkPlanBib", "JA.netzwerkPlanBib\JA.netzwerkPlanBib.csproj", "{37174BA8-3468-4921-9501-6635DC769794}"
EndProject
Project("{FAE04EC0-301F-11D3-BF4B-00C04F79EFBC}") = "JA.GUIWPF", "JA.GUIWPF\JA.GUIWPF.csproj", "{44B8CF82-D773-48A2-9F3F-71ED85005491}"
EndProject
Project("{FAE04EC0-301F-11D3-BF4B-00C04F79EFBC}") = "JA.ConsoleTest", "JA.ConsoleTest\JA.ConsoleTest.csproj", "{B13D2482-EBDB-40A2-85C1-EAE55EFAB0BA}"
EndProject
Global
	GlobalSection(SolutionConfigurationPlatforms) = preSolution
		Debug|Any CPU = Debug|Any CPU
		Debug|Mixed Platforms = Debug|Mixed Platforms
		Debug|x86 = Debug|x86
		Release|Any CPU = Release|Any CPU
		Release|Mixed Platforms = Release|Mixed Platforms
		Release|x86 = Release|x86
	EndGlobalSection
	GlobalSection(ProjectConfigurationPlatforms) = postSolution
		{37174BA8-3468-4921-9501-6635DC769794}.Debug|Any CPU.ActiveCfg = Debug|Any CPU
		{37174BA8-3468-4921-9501-6635DC769794}.Debug|Any CPU.Build.0 = Debug|Any CPU
		{37174BA8-3468-4921-9501-6635DC769794}.Debug|Mixed Platforms.ActiveCfg = Debug|Any CPU
		{37174BA8-3468-4921-9501-6635DC769794}.Debug|Mixed Platforms.Build.0 = Debug|Any CPU
		{37174BA8-3468-4921-9501-6635DC769794}.Debug|x86.ActiveCfg = Debug|Any CPU
		{37174BA8-3468-4921-9501-6635DC769794}.Release|Any CPU.ActiveCfg = Release|Any CPU
		{37174BA8-3468-4921-9501-6635DC769794}.Release|Any CPU.Build.0 = Release|Any CPU
		{37174BA8-3468-4921-9501-6635DC769794}.Release|Mixed Platforms.ActiveCfg = Release|Any CPU
		{37174BA8-3468-4921-9501-6635DC769794}.Release|Mixed Platforms.Build.0 = Release|Any CPU
		{37174BA8-3468-4921-9501-6635DC769794}.Release|x86.ActiveCfg = Release|Any CPU
		{44B8CF82-D773-48A2-9F3F-71ED85005491}.Debug|Any CPU.ActiveCfg = Debug|x86
		{44B8CF82-D773-48A2-9F3F-71ED85005491}.Debug|Mixed Platforms.ActiveCfg = Debug|x86
		{44B8CF82-D773-48A2-9F3F-71ED85005491}.Debug|Mixed Platforms.Build.0 = Debug|x86
		{44B8CF82-D773-48A2-9F3F-71ED85005491}.Debug|x86.ActiveCfg = Debug|x86
		{44B8CF82-D773-48A2-9F3F-71ED85005491}.Debug|x86.Build.0 = Debug|x86
		{44B8CF82-D773-48A2-9F3F-71ED85005491}.Release|Any CPU.ActiveCfg = Release|x86
		{44B8CF82-D773-48A2-9F3F-71ED85005491}.Release|Mixed Platforms.ActiveCfg = Release|x86
		{44B8CF82-D773-48A2-9F3F-71ED85005491}.Release|Mixed Platforms.Build.0 = Release|x86
		{44B8CF82-D773-48A2-9F3F-71ED85005491}.Release|x86.ActiveCfg = Release|x86
		{44B8CF82-D773-48A2-9F3F-71ED85005491}.Release|x86.Build.0 = Release|x86
		{B13D2482-EBDB-40A2-85C1-EAE55EFAB0BA}.Debug|Any CPU.ActiveCfg = Debug|Any CPU
		{B13D2482-EBDB-40A2-85C1-EAE55EFAB0BA}.Debug|Any CPU.Build.0 = Debug|Any CPU
		{B13D2482-EBDB-40A2-85C1-EAE55EFAB0BA}.Debug|Mixed Platforms.ActiveCfg = Debug|Any CPU
		{B13D2482-EBDB-40A2-85C1-EAE55EFAB0BA}.Debug|Mixed Platforms.Build.0 = Debug|Any CPU
		{B13D2482-EBDB-40A2-85C1-EAE55EFAB0BA}.Debug|x86.ActiveCfg = Debug|Any CPU
		{B13D2482-EBDB-40A2-85C1-EAE55EFAB0BA}.Debug|x86.Build.0 = Debug|Any CPU
		{B13D2482-EBDB-40A2-85C1-EAE55EFAB0BA}.Release|Any CPU.ActiveCfg = Release|Any CPU
		{B13D2482-EBDB-40A2-85C1-EAE55EFAB0BA}.Release|Any CPU.Build.0 = Release|Any CPU
		{B13D2482-EBDB-40A2-85C1-EAE55EFAB0BA}.Release|Mixed Platforms.ActiveCfg = Release|Any CPU
		{B13D2482-EBDB-40A2-85C1-EAE55EFAB0BA}.Release|Mixed Platforms.Build.0 = Release|Any CPU
		{B13D2482-EBDB-40A2-85C1-EAE55EFAB0BA}.Release|x86.ActiveCfg = Release|Any CPU
		{B13D2482-EBDB-40A2-85C1-EAE55EFAB0BA}.Release|x86.Build.0 = Release|Any CPU
	EndGlobalSection
	GlobalSection(SolutionProperties) = preSolution
		HideSolutionNode = FALSE
	EndGlobalSection
EndGlobal
